// !$*UTF8*$!
{
	archiveVersion = 1;
	classes = {
	};
	objectVersion = 56;
	objects = {

/* Begin PBXBuildFile section */
		9A9304E52A5F0B38000B5C7A /* DocusketchApp.swift in Sources */ = {isa = PBXBuildFile; fileRef = 9A9304E42A5F0B38000B5C7A /* DocusketchApp.swift */; };
		9A9304E72A5F0B38000B5C7A /* MainView.swift in Sources */ = {isa = PBXBuildFile; fileRef = 9A9304E62A5F0B38000B5C7A /* MainView.swift */; };
		9A9304E92A5F0B39000B5C7A /* Assets.xcassets in Resources */ = {isa = PBXBuildFile; fileRef = 9A9304E82A5F0B39000B5C7A /* Assets.xcassets */; };
		9A9304EC2A5F0B39000B5C7A /* Preview Assets.xcassets in Resources */ = {isa = PBXBuildFile; fileRef = 9A9304EB2A5F0B39000B5C7A /* Preview Assets.xcassets */; };
		9A9304F32A5F0B86000B5C7A /* ToDoListItemView.swift in Sources */ = {isa = PBXBuildFile; fileRef = 9A9304F22A5F0B86000B5C7A /* ToDoListItemView.swift */; };
		9A9304F52A5F0BBA000B5C7A /* MainViewModel.swift in Sources */ = {isa = PBXBuildFile; fileRef = 9A9304F42A5F0BBA000B5C7A /* MainViewModel.swift */; };
		9A9304F72A5F0BC9000B5C7A /* ToDoListItemViewModel.swift in Sources */ = {isa = PBXBuildFile; fileRef = 9A9304F62A5F0BC9000B5C7A /* ToDoListItemViewModel.swift */; };
		9A9304F92A5F0DD5000B5C7A /* NewItemView.swift in Sources */ = {isa = PBXBuildFile; fileRef = 9A9304F82A5F0DD5000B5C7A /* NewItemView.swift */; };
		9A9304FB2A5F0DE2000B5C7A /* NewItemViewModel.swift in Sources */ = {isa = PBXBuildFile; fileRef = 9A9304FA2A5F0DE2000B5C7A /* NewItemViewModel.swift */; };
		9A9305012A5F13B3000B5C7A /* Date+getDateFor.swift in Sources */ = {isa = PBXBuildFile; fileRef = 9A9305002A5F13B3000B5C7A /* Date+getDateFor.swift */; };
		9A9305042A5F21C1000B5C7A /* ToDoItemModel.xcdatamodeld in Sources */ = {isa = PBXBuildFile; fileRef = 9A9305022A5F21C1000B5C7A /* ToDoItemModel.xcdatamodeld */; };
		9A9305092A5F2876000B5C7A /* DataManager.swift in Sources */ = {isa = PBXBuildFile; fileRef = 9A9305082A5F2876000B5C7A /* DataManager.swift */; };
/* End PBXBuildFile section */

/* Begin PBXFileReference section */
		9A9304E12A5F0B38000B5C7A /* Docusketch.app */ = {isa = PBXFileReference; explicitFileType = wrapper.application; includeInIndex = 0; path = Docusketch.app; sourceTree = BUILT_PRODUCTS_DIR; };
		9A9304E42A5F0B38000B5C7A /* DocusketchApp.swift */ = {isa = PBXFileReference; lastKnownFileType = sourcecode.swift; path = DocusketchApp.swift; sourceTree = "<group>"; };
		9A9304E62A5F0B38000B5C7A /* MainView.swift */ = {isa = PBXFileReference; lastKnownFileType = sourcecode.swift; path = MainView.swift; sourceTree = "<group>"; };
		9A9304E82A5F0B39000B5C7A /* Assets.xcassets */ = {isa = PBXFileReference; lastKnownFileType = folder.assetcatalog; path = Assets.xcassets; sourceTree = "<group>"; };
		9A9304EB2A5F0B39000B5C7A /* Preview Assets.xcassets */ = {isa = PBXFileReference; lastKnownFileType = folder.assetcatalog; path = "Preview Assets.xcassets"; sourceTree = "<group>"; };
		9A9304F22A5F0B86000B5C7A /* ToDoListItemView.swift */ = {isa = PBXFileReference; lastKnownFileType = sourcecode.swift; path = ToDoListItemView.swift; sourceTree = "<group>"; };
		9A9304F42A5F0BBA000B5C7A /* MainViewModel.swift */ = {isa = PBXFileReference; lastKnownFileType = sourcecode.swift; path = MainViewModel.swift; sourceTree = "<group>"; };
		9A9304F62A5F0BC9000B5C7A /* ToDoListItemViewModel.swift */ = {isa = PBXFileReference; lastKnownFileType = sourcecode.swift; path = ToDoListItemViewModel.swift; sourceTree = "<group>"; };
		9A9304F82A5F0DD5000B5C7A /* NewItemView.swift */ = {isa = PBXFileReference; lastKnownFileType = sourcecode.swift; path = NewItemView.swift; sourceTree = "<group>"; };
		9A9304FA2A5F0DE2000B5C7A /* NewItemViewModel.swift */ = {isa = PBXFileReference; lastKnownFileType = sourcecode.swift; path = NewItemViewModel.swift; sourceTree = "<group>"; };
		9A9305002A5F13B3000B5C7A /* Date+getDateFor.swift */ = {isa = PBXFileReference; lastKnownFileType = sourcecode.swift; path = "Date+getDateFor.swift"; sourceTree = "<group>"; };
		9A9305032A5F21C1000B5C7A /* ToDoItemModel.xcdatamodel */ = {isa = PBXFileReference; lastKnownFileType = wrapper.xcdatamodel; path = ToDoItemModel.xcdatamodel; sourceTree = "<group>"; };
		9A9305082A5F2876000B5C7A /* DataManager.swift */ = {isa = PBXFileReference; lastKnownFileType = sourcecode.swift; path = DataManager.swift; sourceTree = "<group>"; };
/* End PBXFileReference section */

/* Begin PBXFrameworksBuildPhase section */
		9A9304DE2A5F0B38000B5C7A /* Frameworks */ = {
			isa = PBXFrameworksBuildPhase;
			buildActionMask = 2147483647;
			files = (
			);
			runOnlyForDeploymentPostprocessing = 0;
		};
/* End PBXFrameworksBuildPhase section */

/* Begin PBXGroup section */
		9A9304D82A5F0B38000B5C7A = {
			isa = PBXGroup;
			children = (
				9A9304E32A5F0B38000B5C7A /* Docusketch */,
				9A9304E22A5F0B38000B5C7A /* Products */,
			);
			sourceTree = "<group>";
		};
		9A9304E22A5F0B38000B5C7A /* Products */ = {
			isa = PBXGroup;
			children = (
				9A9304E12A5F0B38000B5C7A /* Docusketch.app */,
			);
			name = Products;
			sourceTree = "<group>";
		};
		9A9304E32A5F0B38000B5C7A /* Docusketch */ = {
			isa = PBXGroup;
			children = (
				9A9305072A5F2820000B5C7A /* Utils */,
				9A9304FF2A5F1396000B5C7A /* Extensions */,
				9A9304FE2A5F0E19000B5C7A /* ToDoItem */,
				9A9304FD2A5F0E06000B5C7A /* NewItem */,
				9A9304FC2A5F0DF7000B5C7A /* Main */,
				9A9304E42A5F0B38000B5C7A /* DocusketchApp.swift */,
				9A9304E82A5F0B39000B5C7A /* Assets.xcassets */,
				9A9304EA2A5F0B39000B5C7A /* Preview Content */,
				9A9305022A5F21C1000B5C7A /* ToDoItemModel.xcdatamodeld */,
			);
			path = Docusketch;
			sourceTree = "<group>";
		};
		9A9304EA2A5F0B39000B5C7A /* Preview Content */ = {
			isa = PBXGroup;
			children = (
				9A9304EB2A5F0B39000B5C7A /* Preview Assets.xcassets */,
			);
			path = "Preview Content";
			sourceTree = "<group>";
		};
		9A9304FC2A5F0DF7000B5C7A /* Main */ = {
			isa = PBXGroup;
			children = (
				9A9304E62A5F0B38000B5C7A /* MainView.swift */,
				9A9304F42A5F0BBA000B5C7A /* MainViewModel.swift */,
			);
			path = Main;
			sourceTree = "<group>";
		};
		9A9304FD2A5F0E06000B5C7A /* NewItem */ = {
			isa = PBXGroup;
			children = (
				9A9304F82A5F0DD5000B5C7A /* NewItemView.swift */,
				9A9304FA2A5F0DE2000B5C7A /* NewItemViewModel.swift */,
			);
			path = NewItem;
			sourceTree = "<group>";
		};
		9A9304FE2A5F0E19000B5C7A /* ToDoItem */ = {
			isa = PBXGroup;
			children = (
				9A9304F22A5F0B86000B5C7A /* ToDoListItemView.swift */,
				9A9304F62A5F0BC9000B5C7A /* ToDoListItemViewModel.swift */,
			);
			path = ToDoItem;
			sourceTree = "<group>";
		};
		9A9304FF2A5F1396000B5C7A /* Extensions */ = {
			isa = PBXGroup;
			children = (
				9A9305002A5F13B3000B5C7A /* Date+getDateFor.swift */,
			);
			path = Extensions;
			sourceTree = "<group>";
		};
		9A9305072A5F2820000B5C7A /* Utils */ = {
			isa = PBXGroup;
			children = (
				9A9305082A5F2876000B5C7A /* DataManager.swift */,
			);
			path = Utils;
			sourceTree = "<group>";
		};
/* End PBXGroup section */

/* Begin PBXNativeTarget section */
		9A9304E02A5F0B38000B5C7A /* Docusketch */ = {
			isa = PBXNativeTarget;
			buildConfigurationList = 9A9304EF2A5F0B39000B5C7A /* Build configuration list for PBXNativeTarget "Docusketch" */;
			buildPhases = (
				9A9304DD2A5F0B38000B5C7A /* Sources */,
				9A9304DE2A5F0B38000B5C7A /* Frameworks */,
				9A9304DF2A5F0B38000B5C7A /* Resources */,
			);
			buildRules = (
			);
			dependencies = (
			);
			name = Docusketch;
			productName = Docusketch;
			productReference = 9A9304E12A5F0B38000B5C7A /* Docusketch.app */;
			productType = "com.apple.product-type.application";
		};
/* End PBXNativeTarget section */

/* Begin PBXProject section */
		9A9304D92A5F0B38000B5C7A /* Project object */ = {
			isa = PBXProject;
			attributes = {
				BuildIndependentTargetsInParallel = 1;
				LastSwiftUpdateCheck = 1430;
				LastUpgradeCheck = 1430;
				TargetAttributes = {
					9A9304E02A5F0B38000B5C7A = {
						CreatedOnToolsVersion = 14.3.1;
					};
				};
			};
			buildConfigurationList = 9A9304DC2A5F0B38000B5C7A /* Build configuration list for PBXProject "Docusketch" */;
			compatibilityVersion = "Xcode 14.0";
			developmentRegion = en;
			hasScannedForEncodings = 0;
			knownRegions = (
				en,
				Base,
			);
			mainGroup = 9A9304D82A5F0B38000B5C7A;
			productRefGroup = 9A9304E22A5F0B38000B5C7A /* Products */;
			projectDirPath = "";
			projectRoot = "";
			targets = (
				9A9304E02A5F0B38000B5C7A /* Docusketch */,
			);
		};
/* End PBXProject section */

/* Begin PBXResourcesBuildPhase section */
		9A9304DF2A5F0B38000B5C7A /* Resources */ = {
			isa = PBXResourcesBuildPhase;
			buildActionMask = 2147483647;
			files = (
				9A9304EC2A5F0B39000B5C7A /* Preview Assets.xcassets in Resources */,
				9A9304E92A5F0B39000B5C7A /* Assets.xcassets in Resources */,
			);
			runOnlyForDeploymentPostprocessing = 0;
		};
/* End PBXResourcesBuildPhase section */

/* Begin PBXSourcesBuildPhase section */
		9A9304DD2A5F0B38000B5C7A /* Sources */ = {
			isa = PBXSourcesBuildPhase;
			buildActionMask = 2147483647;
			files = (
				9A9304F92A5F0DD5000B5C7A /* NewItemView.swift in Sources */,
				9A9304FB2A5F0DE2000B5C7A /* NewItemViewModel.swift in Sources */,
				9A9305042A5F21C1000B5C7A /* ToDoItemModel.xcdatamodeld in Sources */,
				9A9304F72A5F0BC9000B5C7A /* ToDoListItemViewModel.swift in Sources */,
				9A9304E72A5F0B38000B5C7A /* MainView.swift in Sources */,
				9A9304F32A5F0B86000B5C7A /* ToDoListItemView.swift in Sources */,
				9A9304E52A5F0B38000B5C7A /* DocusketchApp.swift in Sources */,
				9A9305092A5F2876000B5C7A /* DataManager.swift in Sources */,
				9A9305012A5F13B3000B5C7A /* Date+getDateFor.swift in Sources */,
				9A9304F52A5F0BBA000B5C7A /* MainViewModel.swift in Sources */,
			);
			runOnlyForDeploymentPostprocessing = 0;
		};
/* End PBXSourcesBuildPhase section */

/* Begin XCBuildConfiguration section */
		9A9304ED2A5F0B39000B5C7A /* Debug */ = {
			isa = XCBuildConfiguration;
			buildSettings = {
				ALWAYS_SEARCH_USER_PATHS = NO;
				CLANG_ANALYZER_NONNULL = YES;
				CLANG_ANALYZER_NUMBER_OBJECT_CONVERSION = YES_AGGRESSIVE;
				CLANG_CXX_LANGUAGE_STANDARD = "gnu++20";
				CLANG_ENABLE_MODULES = YES;
				CLANG_ENABLE_OBJC_ARC = YES;
				CLANG_ENABLE_OBJC_WEAK = YES;
				CLANG_WARN_BLOCK_CAPTURE_AUTORELEASING = YES;
				CLANG_WARN_BOOL_CONVERSION = YES;
				CLANG_WARN_COMMA = YES;
				CLANG_WARN_CONSTANT_CONVERSION = YES;
				CLANG_WARN_DEPRECATED_OBJC_IMPLEMENTATIONS = YES;
				CLANG_WARN_DIRECT_OBJC_ISA_USAGE = YES_ERROR;
				CLANG_WARN_DOCUMENTATION_COMMENTS = YES;
				CLANG_WARN_EMPTY_BODY = YES;
				CLANG_WARN_ENUM_CONVERSION = YES;
				CLANG_WARN_INFINITE_RECURSION = YES;
				CLANG_WARN_INT_CONVERSION = YES;
				CLANG_WARN_NON_LITERAL_NULL_CONVERSION = YES;
				CLANG_WARN_OBJC_IMPLICIT_RETAIN_SELF = YES;
				CLANG_WARN_OBJC_LITERAL_CONVERSION = YES;
				CLANG_WARN_OBJC_ROOT_CLASS = YES_ERROR;
				CLANG_WARN_QUOTED_INCLUDE_IN_FRAMEWORK_HEADER = YES;
				CLANG_WARN_RANGE_LOOP_ANALYSIS = YES;
				CLANG_WARN_STRICT_PROTOTYPES = YES;
				CLANG_WARN_SUSPICIOUS_MOVE = YES;
				CLANG_WARN_UNGUARDED_AVAILABILITY = YES_AGGRESSIVE;
				CLANG_WARN_UNREACHABLE_CODE = YES;
				CLANG_WARN__DUPLICATE_METHOD_MATCH = YES;
				COPY_PHASE_STRIP = NO;
				DEBUG_INFORMATION_FORMAT = dwarf;
				ENABLE_STRICT_OBJC_MSGSEND = YES;
				ENABLE_TESTABILITY = YES;
				GCC_C_LANGUAGE_STANDARD = gnu11;
				GCC_DYNAMIC_NO_PIC = NO;
				GCC_NO_COMMON_BLOCKS = YES;
				GCC_OPTIMIZATION_LEVEL = 0;
				GCC_PREPROCESSOR_DEFINITIONS = (
					"DEBUG=1",
					"$(inherited)",
				);
				GCC_WARN_64_TO_32_BIT_CONVERSION = YES;
				GCC_WARN_ABOUT_RETURN_TYPE = YES_ERROR;
				GCC_WARN_UNDECLARED_SELECTOR = YES;
				GCC_WARN_UNINITIALIZED_AUTOS = YES_AGGRESSIVE;
				GCC_WARN_UNUSED_FUNCTION = YES;
				GCC_WARN_UNUSED_VARIABLE = YES;
				IPHONEOS_DEPLOYMENT_TARGET = 16.4;
				MTL_ENABLE_DEBUG_INFO = INCLUDE_SOURCE;
				MTL_FAST_MATH = YES;
				ONLY_ACTIVE_ARCH = YES;
				SDKROOT = iphoneos;
				SWIFT_ACTIVE_COMPILATION_CONDITIONS = DEBUG;
				SWIFT_OPTIMIZATION_LEVEL = "-Onone";
			};
			name = Debug;
		};
		9A9304EE2A5F0B39000B5C7A /* Release */ = {
			isa = XCBuildConfiguration;
			buildSettings = {
				ALWAYS_SEARCH_USER_PATHS = NO;
				CLANG_ANALYZER_NONNULL = YES;
				CLANG_ANALYZER_NUMBER_OBJECT_CONVERSION = YES_AGGRESSIVE;
				CLANG_CXX_LANGUAGE_STANDARD = "gnu++20";
				CLANG_ENABLE_MODULES = YES;
				CLANG_ENABLE_OBJC_ARC = YES;
				CLANG_ENABLE_OBJC_WEAK = YES;
				CLANG_WARN_BLOCK_CAPTURE_AUTORELEASING = YES;
				CLANG_WARN_BOOL_CONVERSION = YES;
				CLANG_WARN_COMMA = YES;
				CLANG_WARN_CONSTANT_CONVERSION = YES;
				CLANG_WARN_DEPRECATED_OBJC_IMPLEMENTATIONS = YES;
				CLANG_WARN_DIRECT_OBJC_ISA_USAGE = YES_ERROR;
				CLANG_WARN_DOCUMENTATION_COMMENTS = YES;
				CLANG_WARN_EMPTY_BODY = YES;
				CLANG_WARN_ENUM_CONVERSION = YES;
				CLANG_WARN_INFINITE_RECURSION = YES;
				CLANG_WARN_INT_CONVERSION = YES;
				CLANG_WARN_NON_LITERAL_NULL_CONVERSION = YES;
				CLANG_WARN_OBJC_IMPLICIT_RETAIN_SELF = YES;
				CLANG_WARN_OBJC_LITERAL_CONVERSION = YES;
				CLANG_WARN_OBJC_ROOT_CLASS = YES_ERROR;
				CLANG_WARN_QUOTED_INCLUDE_IN_FRAMEWORK_HEADER = YES;
				CLANG_WARN_RANGE_LOOP_ANALYSIS = YES;
				CLANG_WARN_STRICT_PROTOTYPES = YES;
				CLANG_WARN_SUSPICIOUS_MOVE = YES;
				CLANG_WARN_UNGUARDED_AVAILABILITY = YES_AGGRESSIVE;
				CLANG_WARN_UNREACHABLE_CODE = YES;
				CLANG_WARN__DUPLICATE_METHOD_MATCH = YES;
				COPY_PHASE_STRIP = NO;
				DEBUG_INFORMATION_FORMAT = "dwarf-with-dsym";
				ENABLE_NS_ASSERTIONS = NO;
				ENABLE_STRICT_OBJC_MSGSEND = YES;
				GCC_C_LANGUAGE_STANDARD = gnu11;
				GCC_NO_COMMON_BLOCKS = YES;
				GCC_WARN_64_TO_32_BIT_CONVERSION = YES;
				GCC_WARN_ABOUT_RETURN_TYPE = YES_ERROR;
				GCC_WARN_UNDECLARED_SELECTOR = YES;
				GCC_WARN_UNINITIALIZED_AUTOS = YES_AGGRESSIVE;
				GCC_WARN_UNUSED_FUNCTION = YES;
				GCC_WARN_UNUSED_VARIABLE = YES;
				IPHONEOS_DEPLOYMENT_TARGET = 16.4;
				MTL_ENABLE_DEBUG_INFO = NO;
				MTL_FAST_MATH = YES;
				SDKROOT = iphoneos;
				SWIFT_COMPILATION_MODE = wholemodule;
				SWIFT_OPTIMIZATION_LEVEL = "-O";
				VALIDATE_PRODUCT = YES;
			};
			name = Release;
		};
		9A9304F02A5F0B39000B5C7A /* Debug */ = {
			isa = XCBuildConfiguration;
			buildSettings = {
				ASSETCATALOG_COMPILER_APPICON_NAME = AppIcon;
				ASSETCATALOG_COMPILER_GLOBAL_ACCENT_COLOR_NAME = AccentColor;
				CODE_SIGN_STYLE = Automatic;
				CURRENT_PROJECT_VERSION = 1;
				DEVELOPMENT_ASSET_PATHS = "\"Docusketch/Preview Content\"";
				DEVELOPMENT_TEAM = 7F7XSCX9AP;
				ENABLE_PREVIEWS = YES;
				GENERATE_INFOPLIST_FILE = YES;
				INFOPLIST_KEY_UIApplicationSceneManifest_Generation = YES;
				INFOPLIST_KEY_UIApplicationSupportsIndirectInputEvents = YES;
				INFOPLIST_KEY_UILaunchScreen_Generation = YES;
				INFOPLIST_KEY_UISupportedInterfaceOrientations_iPad = "UIInterfaceOrientationPortrait UIInterfaceOrientationPortraitUpsideDown UIInterfaceOrientationLandscapeLeft UIInterfaceOrientationLandscapeRight";
				INFOPLIST_KEY_UISupportedInterfaceOrientations_iPhone = "UIInterfaceOrientationPortrait UIInterfaceOrientationLandscapeLeft UIInterfaceOrientationLandscapeRight";
				LD_RUNPATH_SEARCH_PATHS = (
					"$(inherited)",
					"@executable_path/Frameworks",
				);
				MARKETING_VERSION = 1.0;
				PRODUCT_BUNDLE_IDENTIFIER = com.shuneykoartyom.Docusketch;
				PRODUCT_NAME = "$(TARGET_NAME)";
				SWIFT_EMIT_LOC_STRINGS = YES;
				SWIFT_VERSION = 5.0;
				TARGETED_DEVICE_FAMILY = "1,2";
			};
			name = Debug;
		};
		9A9304F12A5F0B39000B5C7A /* Release */ = {
			isa = XCBuildConfiguration;
			buildSettings = {
				ASSETCATALOG_COMPILER_APPICON_NAME = AppIcon;
				ASSETCATALOG_COMPILER_GLOBAL_ACCENT_COLOR_NAME = AccentColor;
				CODE_SIGN_STYLE = Automatic;
				CURRENT_PROJECT_VERSION = 1;
				DEVELOPMENT_ASSET_PATHS = "\"Docusketch/Preview Content\"";
				DEVELOPMENT_TEAM = 7F7XSCX9AP;
				ENABLE_PREVIEWS = YES;
				GENERATE_INFOPLIST_FILE = YES;
				INFOPLIST_KEY_UIApplicationSceneManifest_Generation = YES;
				INFOPLIST_KEY_UIApplicationSupportsIndirectInputEvents = YES;
				INFOPLIST_KEY_UILaunchScreen_Generation = YES;
				INFOPLIST_KEY_UISupportedInterfaceOrientations_iPad = "UIInterfaceOrientationPortrait UIInterfaceOrientationPortraitUpsideDown UIInterfaceOrientationLandscapeLeft UIInterfaceOrientationLandscapeRight";
				INFOPLIST_KEY_UISupportedInterfaceOrientations_iPhone = "UIInterfaceOrientationPortrait UIInterfaceOrientationLandscapeLeft UIInterfaceOrientationLandscapeRight";
				LD_RUNPATH_SEARCH_PATHS = (
					"$(inherited)",
					"@executable_path/Frameworks",
				);
				MARKETING_VERSION = 1.0;
				PRODUCT_BUNDLE_IDENTIFIER = com.shuneykoartyom.Docusketch;
				PRODUCT_NAME = "$(TARGET_NAME)";
				SWIFT_EMIT_LOC_STRINGS = YES;
				SWIFT_VERSION = 5.0;
				TARGETED_DEVICE_FAMILY = "1,2";
			};
			name = Release;
		};
/* End XCBuildConfiguration section */

/* Begin XCConfigurationList section */
		9A9304DC2A5F0B38000B5C7A /* Build configuration list for PBXProject "Docusketch" */ = {
			isa = XCConfigurationList;
			buildConfigurations = (
				9A9304ED2A5F0B39000B5C7A /* Debug */,
				9A9304EE2A5F0B39000B5C7A /* Release */,
			);
			defaultConfigurationIsVisible = 0;
			defaultConfigurationName = Release;
		};
		9A9304EF2A5F0B39000B5C7A /* Build configuration list for PBXNativeTarget "Docusketch" */ = {
			isa = XCConfigurationList;
			buildConfigurations = (
				9A9304F02A5F0B39000B5C7A /* Debug */,
				9A9304F12A5F0B39000B5C7A /* Release */,
			);
			defaultConfigurationIsVisible = 0;
			defaultConfigurationName = Release;
		};
/* End XCConfigurationList section */

/* Begin XCVersionGroup section */
		9A9305022A5F21C1000B5C7A /* ToDoItemModel.xcdatamodeld */ = {
			isa = XCVersionGroup;
			children = (
				9A9305032A5F21C1000B5C7A /* ToDoItemModel.xcdatamodel */,
			);
			currentVersion = 9A9305032A5F21C1000B5C7A /* ToDoItemModel.xcdatamodel */;
			path = ToDoItemModel.xcdatamodeld;
			sourceTree = "<group>";
			versionGroupType = wrapper.xcdatamodel;
		};
/* End XCVersionGroup section */
	};
	rootObject = 9A9304D92A5F0B38000B5C7A /* Project object */;
}
